{
  "name": "hexo-site",
  "version": "0.0.0",
  "lockfileVersion": 1,
  "requires": true,
  "dependencies": {
    "a-sync-waterfall": {
      "version": "1.0.1",
      "resolved": "https://registry.npm.taobao.org/a-sync-waterfall/download/a-sync-waterfall-1.0.1.tgz",
      "integrity": "sha1-dba2qnJZi0l6El56J3DxT0yKH6c="
    },
    "asap": {
      "version": "2.0.6",
      "resolved": "https://registry.npm.taobao.org/asap/download/asap-2.0.6.tgz",
      "integrity": "sha1-5QNHYR1+aQlDIIu9r+vLwvuGbUY="
    },
    "commander": {
      "version": "5.1.0",
      "resolved": "https://registry.npm.taobao.org/commander/download/commander-5.1.0.tgz?cache=0&sync_timestamp=1616363849438&other_urls=https%3A%2F%2Fregistry.npm.taobao.org%2Fcommander%2Fdownload%2Fcommander-5.1.0.tgz",
      "integrity": "sha1-Rqu9FlL44Fm92u+Zu9yyrZzxea4="
    },
    "hexo-generator-searchdb": {
      "version": "1.3.3",
      "resolved": "https://registry.npm.taobao.org/hexo-generator-searchdb/download/hexo-generator-searchdb-1.3.3.tgz",
      "integrity": "sha1-SNWFyeLiMs1fh16bO8VELoUl2G4=",
      "requires": {
        "nunjucks": "^3.2.2"
      }
    },
    "image-size": {
      "version": "0.9.7",
      "resolved": "https://registry.npm.taobao.org/image-size/download/image-size-0.9.7.tgz",
      "integrity": "sha1-Q7Tq1LExDVrjEKVZ1Sk1o0fkfAk=",
      "requires": {
        "queue": "6.0.2"
      }
    },
    "inherits": {
      "version": "2.0.4",
      "resolved": "https://registry.npm.taobao.org/inherits/download/inherits-2.0.4.tgz",
      "integrity": "sha1-D6LGT5MpF8NDOg3tVTY6rjdBa3w="
    },
    "nunjucks": {
      "version": "3.2.3",
      "resolved": "https://registry.npm.taobao.org/nunjucks/download/nunjucks-3.2.3.tgz",
      "integrity": "sha1-GzNhUkcpDpTigmO12FXs52VkijE=",
      "requires": {
        "a-sync-waterfall": "^1.0.0",
        "asap": "^2.0.3",
        "commander": "^5.1.0"
      }
    },
    "queue": {
      "version": "6.0.2",
      "resolved": "https://registry.npm.taobao.org/queue/download/queue-6.0.2.tgz",
      "integrity": "sha1-uRUlKD4jFcdVPS76GNg+dkMv7WU=",
      "requires": {
        "inherits": "~2.0.3"
      }
    }
  }
}
